
Microsoft Visual Studio Solution File, Format Version 11.00
# Visual Studio 2010
Project("{8BC9CEB8-8B4A-11D0-8D11-00A0C91BC942}") = "Data Structure", "Data Structure\Data Structure.vcxproj", "{F4984266-2565-41BC-B107-2584356299A6}"
EndProject
Global
	GlobalSection(SolutionConfigurationPlatforms) = preSolution
		Debug|Win32 = Debug|Win32
		Release|Win32 = Release|Win32
	EndGlobalSection
	GlobalSection(ProjectConfigurationPlatforms) = postSolution
		{F4984266-2565-41BC-B107-2584356299A6}.Debug|Win32.ActiveCfg = Debug|Win32
		{F4984266-2565-41BC-B107-2584356299A6}.Debug|Win32.Build.0 = Debug|Win32
		{F4984266-2565-41BC-B107-2584356299A6}.Release|Win32.ActiveCfg = Release|Win32
		{F4984266-2565-41BC-B107-2584356299A6}.Release|Win32.Build.0 = Release|Win32
	EndGlobalSection
	GlobalSection(SolutionProperties) = preSolution
		HideSolutionNode = FALSE
	EndGlobalSection
EndGlobal
